{
  "version": 4,
  "terraform_version": "1.4.6",
  "serial": 1,
  "lineage": "01b396cc-46e2-41a4-e933-124cdd63517a",
  "outputs": {},
  "resources": [
    {
      "module": "module.cloudresourcemanager",
      "mode": "managed",
      "type": "google_project",
      "name": "project",
      "provider": "provider[\"registry.terraform.io/hashicorp/google\"]",
      "instances": [
        {
          "index_key": "cw-prod-sec-core-000",
          "schema_version": 1,
          "attributes": {
            "auto_create_network": true,
            "billing_account": "01945A-35948D-6E980C",
            "effective_labels": {},
            "folder_id": "690543404009",
            "id": "projects/cw-prod-sec-core-000",
            "labels": {},
            "name": "cw-prod-sec-core-000",
            "number": "907867144471",
            "org_id": "",
            "project_id": "cw-prod-sec-core-000",
            "skip_delete": null,
            "terraform_labels": {},
            "timeouts": {
              "create": null,
              "delete": null,
              "read": null,
              "update": null
            }
          },
          "sensitive_attributes": [],
          "private": "eyJlMmJmYjczMC1lY2FhLTExZTYtOGY4OC0zNDM2M2JjN2M0YzAiOnsiY3JlYXRlIjo2MDAwMDAwMDAwMDAsImRlbGV0ZSI6NjAwMDAwMDAwMDAwLCJyZWFkIjo2MDAwMDAwMDAwMDAsInVwZGF0ZSI6NjAwMDAwMDAwMDAwfSwic2NoZW1hX3ZlcnNpb24iOiIxIn0="
        }
      ]
    }
  ],
  "check_results": null
}
