{
  "version": 4,
  "terraform_version": "1.4.6",
  "serial": 6,
  "lineage": "f0aaaf24-beb3-1c08-6fbe-728b434d984d",
  "outputs": {},
  "resources": [
    {
      "module": "module.cloudresourcemanager",
      "mode": "managed",
      "type": "google_project",
      "name": "project",
      "provider": "provider[\"registry.terraform.io/hashicorp/google\"]",
      "instances": [
        {
          "index_key": "cloudlabs-371516",
          "schema_version": 1,
          "attributes": {
            "auto_create_network": true,
            "billing_account": "01945A-35948D-6E980C",
            "effective_labels": {
              "generative-language": "enabled"
            },
            "folder_id": "167623100153",
            "id": "projects/cloudlabs-371516",
            "labels": {},
            "name": "cloudlabs",
            "number": "845220694659",
            "org_id": "",
            "project_id": "cloudlabs-371516",
            "skip_delete": null,
            "terraform_labels": {},
            "timeouts": {
              "create": null,
              "delete": null,
              "read": null,
              "update": null
            }
          },
          "sensitive_attributes": [],
          "private": "eyJlMmJmYjczMC1lY2FhLTExZTYtOGY4OC0zNDM2M2JjN2M0YzAiOnsiY3JlYXRlIjo2MDAwMDAwMDAwMDAsImRlbGV0ZSI6NjAwMDAwMDAwMDAwLCJyZWFkIjo2MDAwMDAwMDAwMDAsInVwZGF0ZSI6NjAwMDAwMDAwMDAwfSwic2NoZW1hX3ZlcnNpb24iOiIxIn0="
        },
        {
          "index_key": "devops-studio-359213",
          "schema_version": 1,
          "attributes": {
            "auto_create_network": true,
            "billing_account": "01945A-35948D-6E980C",
            "effective_labels": {
              "migration-center-store-region": "europe-west1"
            },
            "folder_id": "167623100153",
            "id": "projects/devops-studio-359213",
            "labels": {},
            "name": "devops-studio",
            "number": "640107141539",
            "org_id": "",
            "project_id": "devops-studio-359213",
            "skip_delete": null,
            "terraform_labels": {},
            "timeouts": {
              "create": null,
              "delete": null,
              "read": null,
              "update": null
            }
          },
          "sensitive_attributes": [],
          "private": "eyJlMmJmYjczMC1lY2FhLTExZTYtOGY4OC0zNDM2M2JjN2M0YzAiOnsiY3JlYXRlIjo2MDAwMDAwMDAwMDAsImRlbGV0ZSI6NjAwMDAwMDAwMDAwLCJyZWFkIjo2MDAwMDAwMDAwMDAsInVwZGF0ZSI6NjAwMDAwMDAwMDAwfSwic2NoZW1hX3ZlcnNpb24iOiIxIn0="
        },
        {
          "index_key": "edge-cloud-zone",
          "schema_version": 1,
          "attributes": {
            "auto_create_network": true,
            "billing_account": "01945A-35948D-6E980C",
            "effective_labels": {},
            "folder_id": "167623100153",
            "id": "projects/edge-cloud-zone",
            "labels": {},
            "name": "edge-cloud-zone",
            "number": "165388378824",
            "org_id": "",
            "project_id": "edge-cloud-zone",
            "skip_delete": null,
            "terraform_labels": {},
            "timeouts": {
              "create": null,
              "delete": null,
              "read": null,
              "update": null
            }
          },
          "sensitive_attributes": [],
          "private": "eyJlMmJmYjczMC1lY2FhLTExZTYtOGY4OC0zNDM2M2JjN2M0YzAiOnsiY3JlYXRlIjo2MDAwMDAwMDAwMDAsImRlbGV0ZSI6NjAwMDAwMDAwMDAwLCJyZWFkIjo2MDAwMDAwMDAwMDAsInVwZGF0ZSI6NjAwMDAwMDAwMDAwfSwic2NoZW1hX3ZlcnNpb24iOiIxIn0="
        },
        {
          "index_key": "genios-371611",
          "schema_version": 1,
          "attributes": {
            "auto_create_network": true,
            "billing_account": "01945A-35948D-6E980C",
            "effective_labels": {},
            "folder_id": "167623100153",
            "id": "projects/genios-371611",
            "labels": {},
            "name": "genios",
            "number": "595875527693",
            "org_id": "",
            "project_id": "genios-371611",
            "skip_delete": null,
            "terraform_labels": {},
            "timeouts": {
              "create": null,
              "delete": null,
              "read": null,
              "update": null
            }
          },
          "sensitive_attributes": [],
          "private": "eyJlMmJmYjczMC1lY2FhLTExZTYtOGY4OC0zNDM2M2JjN2M0YzAiOnsiY3JlYXRlIjo2MDAwMDAwMDAwMDAsImRlbGV0ZSI6NjAwMDAwMDAwMDAwLCJyZWFkIjo2MDAwMDAwMDAwMDAsInVwZGF0ZSI6NjAwMDAwMDAwMDAwfSwic2NoZW1hX3ZlcnNpb24iOiIxIn0="
        },
        {
          "index_key": "notino-poc-gcve",
          "schema_version": 1,
          "attributes": {
            "auto_create_network": true,
            "billing_account": null,
            "effective_labels": {},
            "folder_id": "167623100153",
            "id": "projects/notino-poc-gcve",
            "labels": {},
            "name": "notino-poc-gcve",
            "number": "410105081834",
            "org_id": "",
            "project_id": "notino-poc-gcve",
            "skip_delete": null,
            "terraform_labels": {},
            "timeouts": {
              "create": null,
              "delete": null,
              "read": null,
              "update": null
            }
          },
          "sensitive_attributes": [],
          "private": "eyJlMmJmYjczMC1lY2FhLTExZTYtOGY4OC0zNDM2M2JjN2M0YzAiOnsiY3JlYXRlIjo2MDAwMDAwMDAwMDAsImRlbGV0ZSI6NjAwMDAwMDAwMDAwLCJyZWFkIjo2MDAwMDAwMDAwMDAsInVwZGF0ZSI6NjAwMDAwMDAwMDAwfSwic2NoZW1hX3ZlcnNpb24iOiIxIn0="
        },
        {
          "index_key": "services-362613",
          "schema_version": 1,
          "attributes": {
            "auto_create_network": true,
            "billing_account": "01945A-35948D-6E980C",
            "effective_labels": {},
            "folder_id": "167623100153",
            "id": "projects/services-362613",
            "labels": {},
            "name": "services",
            "number": "1075701702878",
            "org_id": "",
            "project_id": "services-362613",
            "skip_delete": null,
            "terraform_labels": {},
            "timeouts": {
              "create": null,
              "delete": null,
              "read": null,
              "update": null
            }
          },
          "sensitive_attributes": [],
          "private": "eyJlMmJmYjczMC1lY2FhLTExZTYtOGY4OC0zNDM2M2JjN2M0YzAiOnsiY3JlYXRlIjo2MDAwMDAwMDAwMDAsImRlbGV0ZSI6NjAwMDAwMDAwMDAwLCJyZWFkIjo2MDAwMDAwMDAwMDAsInVwZGF0ZSI6NjAwMDAwMDAwMDAwfSwic2NoZW1hX3ZlcnNpb24iOiIxIn0="
        }
      ]
    }
  ],
  "check_results": null
}
