{
  "version": 4,
  "terraform_version": "1.4.6",
  "serial": 5,
  "lineage": "42ae99b7-b668-d527-cab7-efc7e0987a2c",
  "outputs": {},
  "resources": [
    {
      "module": "module.cloudresourcemanager",
      "mode": "managed",
      "type": "google_project",
      "name": "project",
      "provider": "provider[\"registry.terraform.io/hashicorp/google\"]",
      "instances": [
        {
          "index_key": "azure-lab-382116",
          "schema_version": 1,
          "attributes": {
            "auto_create_network": true,
            "billing_account": null,
            "effective_labels": {},
            "folder_id": "",
            "id": "projects/azure-lab-382116",
            "labels": {},
            "name": "Azure Lab",
            "number": "126904696331",
            "org_id": "522089339064",
            "project_id": "azure-lab-382116",
            "skip_delete": null,
            "terraform_labels": {},
            "timeouts": {
              "create": null,
              "delete": null,
              "read": null,
              "update": null
            }
          },
          "sensitive_attributes": [],
          "private": "eyJlMmJmYjczMC1lY2FhLTExZTYtOGY4OC0zNDM2M2JjN2M0YzAiOnsiY3JlYXRlIjo2MDAwMDAwMDAwMDAsImRlbGV0ZSI6NjAwMDAwMDAwMDAwLCJyZWFkIjo2MDAwMDAwMDAwMDAsInVwZGF0ZSI6NjAwMDAwMDAwMDAwfSwic2NoZW1hX3ZlcnNpb24iOiIxIn0="
        },
        {
          "index_key": "cw-prod-audit-logs-000",
          "schema_version": 1,
          "attributes": {
            "auto_create_network": true,
            "billing_account": "01945A-35948D-6E980C",
            "effective_labels": {},
            "folder_id": "",
            "id": "projects/cw-prod-audit-logs-000",
            "labels": {},
            "name": "cw-prod-audit-logs-000",
            "number": "821953658238",
            "org_id": "522089339064",
            "project_id": "cw-prod-audit-logs-000",
            "skip_delete": null,
            "terraform_labels": {},
            "timeouts": {
              "create": null,
              "delete": null,
              "read": null,
              "update": null
            }
          },
          "sensitive_attributes": [],
          "private": "eyJlMmJmYjczMC1lY2FhLTExZTYtOGY4OC0zNDM2M2JjN2M0YzAiOnsiY3JlYXRlIjo2MDAwMDAwMDAwMDAsImRlbGV0ZSI6NjAwMDAwMDAwMDAwLCJyZWFkIjo2MDAwMDAwMDAwMDAsInVwZGF0ZSI6NjAwMDAwMDAwMDAwfSwic2NoZW1hX3ZlcnNpb24iOiIxIn0="
        },
        {
          "index_key": "cw-prod-billing-exp-000",
          "schema_version": 1,
          "attributes": {
            "auto_create_network": true,
            "billing_account": "01945A-35948D-6E980C",
            "effective_labels": {},
            "folder_id": "",
            "id": "projects/cw-prod-billing-exp-000",
            "labels": {},
            "name": "cw-prod-billing-exp-000",
            "number": "742776124158",
            "org_id": "522089339064",
            "project_id": "cw-prod-billing-exp-000",
            "skip_delete": null,
            "terraform_labels": {},
            "timeouts": {
              "create": null,
              "delete": null,
              "read": null,
              "update": null
            }
          },
          "sensitive_attributes": [],
          "private": "eyJlMmJmYjczMC1lY2FhLTExZTYtOGY4OC0zNDM2M2JjN2M0YzAiOnsiY3JlYXRlIjo2MDAwMDAwMDAwMDAsImRlbGV0ZSI6NjAwMDAwMDAwMDAwLCJyZWFkIjo2MDAwMDAwMDAwMDAsInVwZGF0ZSI6NjAwMDAwMDAwMDAwfSwic2NoZW1hX3ZlcnNpb24iOiIxIn0="
        },
        {
          "index_key": "cw-prod-iac-core-000",
          "schema_version": 1,
          "attributes": {
            "auto_create_network": true,
            "billing_account": "01945A-35948D-6E980C",
            "effective_labels": {},
            "folder_id": "",
            "id": "projects/cw-prod-iac-core-000",
            "labels": {},
            "name": "cw-prod-iac-core-000",
            "number": "781866415910",
            "org_id": "522089339064",
            "project_id": "cw-prod-iac-core-000",
            "skip_delete": null,
            "terraform_labels": {},
            "timeouts": {
              "create": null,
              "delete": null,
              "read": null,
              "update": null
            }
          },
          "sensitive_attributes": [],
          "private": "eyJlMmJmYjczMC1lY2FhLTExZTYtOGY4OC0zNDM2M2JjN2M0YzAiOnsiY3JlYXRlIjo2MDAwMDAwMDAwMDAsImRlbGV0ZSI6NjAwMDAwMDAwMDAwLCJyZWFkIjo2MDAwMDAwMDAwMDAsInVwZGF0ZSI6NjAwMDAwMDAwMDAwfSwic2NoZW1hX3ZlcnNpb24iOiIxIn0="
        },
        {
          "index_key": "macro-gadget-384911",
          "schema_version": 1,
          "attributes": {
            "auto_create_network": true,
            "billing_account": null,
            "effective_labels": {},
            "folder_id": "",
            "id": "projects/macro-gadget-384911",
            "labels": {},
            "name": "demo",
            "number": "62233232662",
            "org_id": "522089339064",
            "project_id": "macro-gadget-384911",
            "skip_delete": null,
            "terraform_labels": {},
            "timeouts": {
              "create": null,
              "delete": null,
              "read": null,
              "update": null
            }
          },
          "sensitive_attributes": [],
          "private": "eyJlMmJmYjczMC1lY2FhLTExZTYtOGY4OC0zNDM2M2JjN2M0YzAiOnsiY3JlYXRlIjo2MDAwMDAwMDAwMDAsImRlbGV0ZSI6NjAwMDAwMDAwMDAwLCJyZWFkIjo2MDAwMDAwMDAwMDAsInVwZGF0ZSI6NjAwMDAwMDAwMDAwfSwic2NoZW1hX3ZlcnNpb24iOiIxIn0="
        }
      ]
    }
  ],
  "check_results": null
}
