{
  "version": 4,
  "terraform_version": "1.4.6",
  "serial": 2,
  "lineage": "b16fa866-c4a3-73bf-198a-6616e8cfdcaa",
  "outputs": {},
  "resources": [
    {
      "module": "module.compute",
      "mode": "managed",
      "type": "google_compute_instance",
      "name": "instance",
      "provider": "provider[\"registry.terraform.io/hashicorp/google\"]",
      "instances": [
        {
          "index_key": "apigee-proxy-7r5x",
          "schema_version": 6,
          "attributes": {
            "advanced_machine_features": [],
            "allow_stopping_for_update": null,
            "attached_disk": [],
            "boot_disk": [
              {
                "auto_delete": false,
                "device_name": "persistent-disk-0",
                "disk_encryption_key_raw": "",
                "disk_encryption_key_sha256": "",
                "initialize_params": [
                  {
                    "image": "https://www.googleapis.com/compute/v1/projects/debian-cloud/global/images/debian-10-buster-v20221102",
                    "labels": {},
                    "resource_manager_tags": {},
                    "size": 20,
                    "type": "pd-standard"
                  }
                ],
                "kms_key_self_link": "",
                "mode": "READ_WRITE",
                "source": "https://www.googleapis.com/compute/v1/projects/edge-cloud-zone/zones/us-central1-c/disks/apigee-proxy-7r5x"
              }
            ],
            "can_ip_forward": false,
            "confidential_instance_config": [],
            "cpu_platform": "Intel Broadwell",
            "current_status": "RUNNING",
            "deletion_protection": false,
            "description": "",
            "desired_status": null,
            "effective_labels": {},
            "enable_display": false,
            "guest_accelerator": [],
            "hostname": "",
            "id": "projects/edge-cloud-zone/zones/us-central1-c/instances/apigee-proxy-7r5x",
            "instance_id": "456670965065892591",
            "label_fingerprint": "42WmSpB8rSM=",
            "labels": {},
            "machine_type": "e2-micro",
            "metadata": {
              "ENDPOINT": "10.27.124.2",
              "created-by": "projects/165388378824/regions/us-central1/instanceGroupManagers/apigee-proxy-us-central1",
              "instance-template": "projects/165388378824/global/instanceTemplates/apigee-proxy-us-central1",
              "startup-script-url": "gs://apigee-5g-saas/apigee-envoy-proxy-release/latest/conf/startup-script.sh"
            },
            "metadata_fingerprint": "-2qkXzJkvGg=",
            "metadata_startup_script": null,
            "min_cpu_platform": "",
            "name": "apigee-proxy-7r5x",
            "network_interface": [
              {
                "access_config": [],
                "alias_ip_range": [],
                "internal_ipv6_prefix_length": 0,
                "ipv6_access_config": [],
                "ipv6_access_type": "",
                "ipv6_address": "",
                "name": "nic0",
                "network": "https://www.googleapis.com/compute/v1/projects/edge-cloud-zone/global/networks/default",
                "network_ip": "10.128.0.34",
                "nic_type": "",
                "queue_count": 0,
                "stack_type": "IPV4_ONLY",
                "subnetwork": "https://www.googleapis.com/compute/v1/projects/edge-cloud-zone/regions/us-central1/subnetworks/default",
                "subnetwork_project": "edge-cloud-zone"
              }
            ],
            "network_performance_config": [],
            "params": [],
            "project": "edge-cloud-zone",
            "reservation_affinity": [],
            "resource_policies": [],
            "scheduling": [
              {
                "automatic_restart": false,
                "instance_termination_action": "",
                "local_ssd_recovery_timeout": [],
                "min_node_cpus": 0,
                "node_affinities": [],
                "on_host_maintenance": "TERMINATE",
                "preemptible": true,
                "provisioning_model": ""
              }
            ],
            "scratch_disk": [],
            "self_link": "https://www.googleapis.com/compute/v1/projects/edge-cloud-zone/zones/us-central1-c/instances/apigee-proxy-7r5x",
            "service_account": [],
            "shielded_instance_config": [
              {
                "enable_integrity_monitoring": true,
                "enable_secure_boot": false,
                "enable_vtpm": true
              }
            ],
            "tags": [
              "apigee-proxy",
              "gke-apigee-proxy",
              "https-server"
            ],
            "tags_fingerprint": "KI-HhkhGGkI=",
            "terraform_labels": {},
            "timeouts": {
              "create": null,
              "delete": null,
              "update": null
            },
            "zone": "us-central1-c"
          },
          "sensitive_attributes": [],
          "private": "eyJlMmJmYjczMC1lY2FhLTExZTYtOGY4OC0zNDM2M2JjN2M0YzAiOnsiY3JlYXRlIjoxMjAwMDAwMDAwMDAwLCJkZWxldGUiOjEyMDAwMDAwMDAwMDAsInVwZGF0ZSI6MTIwMDAwMDAwMDAwMH0sInNjaGVtYV92ZXJzaW9uIjoiNiJ9"
        },
        {
          "index_key": "apigee-proxy-kw8k",
          "schema_version": 6,
          "attributes": {
            "advanced_machine_features": [],
            "allow_stopping_for_update": null,
            "attached_disk": [],
            "boot_disk": [
              {
                "auto_delete": false,
                "device_name": "persistent-disk-0",
                "disk_encryption_key_raw": "",
                "disk_encryption_key_sha256": "",
                "initialize_params": [
                  {
                    "image": "https://www.googleapis.com/compute/v1/projects/debian-cloud/global/images/debian-10-buster-v20221102",
                    "labels": {},
                    "resource_manager_tags": {},
                    "size": 20,
                    "type": "pd-standard"
                  }
                ],
                "kms_key_self_link": "",
                "mode": "READ_WRITE",
                "source": "https://www.googleapis.com/compute/v1/projects/edge-cloud-zone/zones/us-central1-b/disks/apigee-proxy-kw8k"
              }
            ],
            "can_ip_forward": false,
            "confidential_instance_config": [],
            "cpu_platform": "Intel Broadwell",
            "current_status": "RUNNING",
            "deletion_protection": false,
            "description": "",
            "desired_status": null,
            "effective_labels": {},
            "enable_display": false,
            "guest_accelerator": [],
            "hostname": "",
            "id": "projects/edge-cloud-zone/zones/us-central1-b/instances/apigee-proxy-kw8k",
            "instance_id": "4755561086625538742",
            "label_fingerprint": "42WmSpB8rSM=",
            "labels": {},
            "machine_type": "e2-micro",
            "metadata": {
              "ENDPOINT": "10.27.124.2",
              "created-by": "projects/165388378824/regions/us-central1/instanceGroupManagers/apigee-proxy-us-central1",
              "instance-template": "projects/165388378824/global/instanceTemplates/apigee-proxy-us-central1",
              "startup-script-url": "gs://apigee-5g-saas/apigee-envoy-proxy-release/latest/conf/startup-script.sh"
            },
            "metadata_fingerprint": "-2qkXzJkvGg=",
            "metadata_startup_script": null,
            "min_cpu_platform": "",
            "name": "apigee-proxy-kw8k",
            "network_interface": [
              {
                "access_config": [],
                "alias_ip_range": [],
                "internal_ipv6_prefix_length": 0,
                "ipv6_access_config": [],
                "ipv6_access_type": "",
                "ipv6_address": "",
                "name": "nic0",
                "network": "https://www.googleapis.com/compute/v1/projects/edge-cloud-zone/global/networks/default",
                "network_ip": "10.128.0.37",
                "nic_type": "",
                "queue_count": 0,
                "stack_type": "IPV4_ONLY",
                "subnetwork": "https://www.googleapis.com/compute/v1/projects/edge-cloud-zone/regions/us-central1/subnetworks/default",
                "subnetwork_project": "edge-cloud-zone"
              }
            ],
            "network_performance_config": [],
            "params": [],
            "project": "edge-cloud-zone",
            "reservation_affinity": [],
            "resource_policies": [],
            "scheduling": [
              {
                "automatic_restart": false,
                "instance_termination_action": "",
                "local_ssd_recovery_timeout": [],
                "min_node_cpus": 0,
                "node_affinities": [],
                "on_host_maintenance": "TERMINATE",
                "preemptible": true,
                "provisioning_model": ""
              }
            ],
            "scratch_disk": [],
            "self_link": "https://www.googleapis.com/compute/v1/projects/edge-cloud-zone/zones/us-central1-b/instances/apigee-proxy-kw8k",
            "service_account": [],
            "shielded_instance_config": [
              {
                "enable_integrity_monitoring": true,
                "enable_secure_boot": false,
                "enable_vtpm": true
              }
            ],
            "tags": [
              "apigee-proxy",
              "gke-apigee-proxy",
              "https-server"
            ],
            "tags_fingerprint": "KI-HhkhGGkI=",
            "terraform_labels": {},
            "timeouts": {
              "create": null,
              "delete": null,
              "update": null
            },
            "zone": "us-central1-b"
          },
          "sensitive_attributes": [],
          "private": "eyJlMmJmYjczMC1lY2FhLTExZTYtOGY4OC0zNDM2M2JjN2M0YzAiOnsiY3JlYXRlIjoxMjAwMDAwMDAwMDAwLCJkZWxldGUiOjEyMDAwMDAwMDAwMDAsInVwZGF0ZSI6MTIwMDAwMDAwMDAwMH0sInNjaGVtYV92ZXJzaW9uIjoiNiJ9"
        }
      ]
    }
  ],
  "check_results": null
}
