{
  "version": 4,
  "terraform_version": "1.4.6",
  "serial": 6,
  "lineage": "0ae7ebc4-0dba-7356-6281-b1e0f45c9d0e",
  "outputs": {},
  "resources": [
    {
      "module": "module.compute",
      "mode": "managed",
      "type": "google_compute_instance",
      "name": "instance",
      "provider": "provider[\"registry.terraform.io/hashicorp/google\"]",
      "instances": [
        {
          "index_key": "instance-1",
          "schema_version": 6,
          "attributes": {
            "advanced_machine_features": [],
            "allow_stopping_for_update": null,
            "attached_disk": [],
            "boot_disk": [
              {
                "auto_delete": true,
                "device_name": "instance-1",
                "disk_encryption_key_raw": "",
                "disk_encryption_key_sha256": "",
                "initialize_params": [
                  {
                    "image": "https://www.googleapis.com/compute/v1/projects/debian-cloud/global/images/debian-11-bullseye-v20230411",
                    "labels": {},
                    "resource_manager_tags": {},
                    "size": 10,
                    "type": "pd-balanced"
                  }
                ],
                "kms_key_self_link": "",
                "mode": "READ_WRITE",
                "source": "https://www.googleapis.com/compute/v1/projects/cloudlabs-371516/zones/us-central1-a/disks/instance-1"
              }
            ],
            "can_ip_forward": false,
            "confidential_instance_config": [
              {
                "enable_confidential_compute": false
              }
            ],
            "cpu_platform": "Unknown CPU Platform",
            "current_status": "TERMINATED",
            "deletion_protection": false,
            "description": "",
            "desired_status": null,
            "effective_labels": {},
            "enable_display": false,
            "guest_accelerator": [],
            "hostname": "",
            "id": "projects/cloudlabs-371516/zones/us-central1-a/instances/instance-1",
            "instance_id": "8498554810817481152",
            "label_fingerprint": "42WmSpB8rSM=",
            "labels": {},
            "machine_type": "e2-medium",
            "metadata": {
              "ssh-keys": "magido:ecdsa-sha2-nistp256 AAAAE2VjZHNhLXNoYTItbmlzdHAyNTYAAAAIbmlzdHAyNTYAAABBBKIBm4jOrA3rRsXGAIy5N05jjj4JqIB38cL+nztObb4Dse9U+9Yfjv1c/saUeF48BxJxTLocw03ZlYvsB5ThSp4= google-ssh {\"userName\":\"magido@google.com\",\"expireOn\":\"2023-05-10T07:30:35+0000\"}\nmagido:ssh-rsa AAAAB3NzaC1yc2EAAAADAQABAAABAQCqzS+kzK4jDYX4CtHv5s+nc9jEgREgqIdxDnNOba/mBiQp0UAF2c6HtViMET+gwMNa1/55lgOPR/XRMTa1rcusX/UnpW1LFfi/487O7zvim9L9SVmmi6pVNMpSlSskntjBIdPpMXjW/Lz6zpXQxjGQig1pUK5q0slvi30LmMj1Kune4w8jvHnGvBO2FL6cydKjwRTrPuUiCjrqTQe+FkxIOqnlogO2z3jh/vlMUcEltBokonmBhLctWnhZ2Y2cOi9t4+PgqkZjANIujvQW7lJx9UEqtAjWjCax+rJDD4Dp+0ix8cqka+6oCngG40dvBufHIJazlndz69z7czZQVC7V google-ssh {\"userName\":\"magido@google.com\",\"expireOn\":\"2023-05-10T07:30:51+0000\"}"
            },
            "metadata_fingerprint": "PqpwFmtP_vY=",
            "metadata_startup_script": null,
            "min_cpu_platform": "",
            "name": "instance-1",
            "network_interface": [
              {
                "access_config": [],
                "alias_ip_range": [],
                "internal_ipv6_prefix_length": 0,
                "ipv6_access_config": [],
                "ipv6_access_type": "",
                "ipv6_address": "",
                "name": "nic0",
                "network": "https://www.googleapis.com/compute/v1/projects/cloudlabs-371516/global/networks/default",
                "network_ip": "10.128.0.8",
                "nic_type": "",
                "queue_count": 0,
                "stack_type": "IPV4_ONLY",
                "subnetwork": "https://www.googleapis.com/compute/v1/projects/cloudlabs-371516/regions/us-central1/subnetworks/default",
                "subnetwork_project": "cloudlabs-371516"
              },
              {
                "access_config": [],
                "alias_ip_range": [],
                "internal_ipv6_prefix_length": 0,
                "ipv6_access_config": [],
                "ipv6_access_type": "",
                "ipv6_address": "",
                "name": "nic1",
                "network": "https://www.googleapis.com/compute/v1/projects/cloudlabs-371516/global/networks/dns-vpc",
                "network_ip": "10.0.0.3",
                "nic_type": "",
                "queue_count": 0,
                "stack_type": "IPV4_ONLY",
                "subnetwork": "https://www.googleapis.com/compute/v1/projects/cloudlabs-371516/regions/us-central1/subnetworks/subn-us",
                "subnetwork_project": "cloudlabs-371516"
              }
            ],
            "network_performance_config": [],
            "params": [],
            "project": "cloudlabs-371516",
            "reservation_affinity": [
              {
                "specific_reservation": [],
                "type": "ANY_RESERVATION"
              }
            ],
            "resource_policies": [],
            "scheduling": [
              {
                "automatic_restart": true,
                "instance_termination_action": "",
                "local_ssd_recovery_timeout": [],
                "min_node_cpus": 0,
                "node_affinities": [],
                "on_host_maintenance": "MIGRATE",
                "preemptible": false,
                "provisioning_model": "STANDARD"
              }
            ],
            "scratch_disk": [],
            "self_link": "https://www.googleapis.com/compute/v1/projects/cloudlabs-371516/zones/us-central1-a/instances/instance-1",
            "service_account": [
              {
                "email": "845220694659-compute@developer.gserviceaccount.com",
                "scopes": [
                  "https://www.googleapis.com/auth/devstorage.read_only",
                  "https://www.googleapis.com/auth/logging.write",
                  "https://www.googleapis.com/auth/monitoring.write",
                  "https://www.googleapis.com/auth/service.management.readonly",
                  "https://www.googleapis.com/auth/servicecontrol",
                  "https://www.googleapis.com/auth/trace.append"
                ]
              }
            ],
            "shielded_instance_config": [
              {
                "enable_integrity_monitoring": true,
                "enable_secure_boot": false,
                "enable_vtpm": true
              }
            ],
            "tags": [
              "iap-win-ansible",
              "nva"
            ],
            "tags_fingerprint": "ZaLMseujg1w=",
            "terraform_labels": {},
            "timeouts": {
              "create": null,
              "delete": null,
              "update": null
            },
            "zone": "us-central1-a"
          },
          "sensitive_attributes": [],
          "private": "eyJlMmJmYjczMC1lY2FhLTExZTYtOGY4OC0zNDM2M2JjN2M0YzAiOnsiY3JlYXRlIjoxMjAwMDAwMDAwMDAwLCJkZWxldGUiOjEyMDAwMDAwMDAwMDAsInVwZGF0ZSI6MTIwMDAwMDAwMDAwMH0sInNjaGVtYV92ZXJzaW9uIjoiNiJ9"
        },
        {
          "index_key": "instance-2",
          "schema_version": 6,
          "attributes": {
            "advanced_machine_features": [],
            "allow_stopping_for_update": null,
            "attached_disk": [],
            "boot_disk": [
              {
                "auto_delete": true,
                "device_name": "instance-2",
                "disk_encryption_key_raw": "",
                "disk_encryption_key_sha256": "",
                "initialize_params": [
                  {
                    "image": "https://www.googleapis.com/compute/v1/projects/windows-cloud/global/images/windows-server-2022-dc-v20230809",
                    "labels": {},
                    "resource_manager_tags": {},
                    "size": 50,
                    "type": "pd-balanced"
                  }
                ],
                "kms_key_self_link": "",
                "mode": "READ_WRITE",
                "source": "https://www.googleapis.com/compute/v1/projects/cloudlabs-371516/zones/us-central1-a/disks/instance-2"
              }
            ],
            "can_ip_forward": false,
            "confidential_instance_config": [
              {
                "enable_confidential_compute": false
              }
            ],
            "cpu_platform": "Unknown CPU Platform",
            "current_status": "TERMINATED",
            "deletion_protection": false,
            "description": "",
            "desired_status": null,
            "effective_labels": {},
            "enable_display": false,
            "guest_accelerator": [],
            "hostname": "",
            "id": "projects/cloudlabs-371516/zones/us-central1-a/instances/instance-2",
            "instance_id": "4705891477742162351",
            "label_fingerprint": "42WmSpB8rSM=",
            "labels": {},
            "machine_type": "e2-medium",
            "metadata": {
              "startup-script": "[Net.ServicePointManager]::SecurityProtocol = [Net.SecurityProtocolType]::Tls12\n$url = \"https://raw.githubusercontent.com/jborean93/ansible-windows/master/scripts/Install-WMF3Hotfix.ps1\"\n$file = \"$env:temp\\Install-WMF3Hotfix.ps1\"\n\n(New-Object -TypeName System.Net.WebClient).DownloadFile($url, $file)\npowershell.exe -ExecutionPolicy ByPass -File $file -Verbose\n\n# Set the name of the local user that will have the key mapped\n$username = \"magido\"\n$output_path = \"C:\\temp\"\n\n# Instead of generating a file, the cert will be added to the personal\n# LocalComputer folder in the certificate store\n$cert = New-SelfSignedCertificate -Type Custom `\n    -Subject \"CN=$username\" `\n    -TextExtension @(\"2.5.29.37={text}1.3.6.1.5.5.7.3.2\",\"2.5.29.17={text}upn=$username@localhost\") `\n    -KeyUsage DigitalSignature,KeyEncipherment `\n    -KeyAlgorithm RSA `\n    -KeyLength 2048\n\n# Export the public key\n$pem_output = @()\n$pem_output += \"-----BEGIN CERTIFICATE-----\"\n$pem_output += [System.Convert]::ToBase64String($cert.RawData) -replace \".{64}\", \"$\u0026`n\"\n$pem_output += \"-----END CERTIFICATE-----\"\n[System.IO.File]::WriteAllLines(\"$output_path\\cert.pem\", $pem_output)\n\n# Export the private key in a PFX file\n[System.IO.File]::WriteAllBytes(\"$output_path\\cert.pfx\", $cert.Export(\"Pfx\"))\n\n\n# winrm set winrm/config/service/auth '@{Basic=\"true\"}'\n# winrm set winrm/config/service '@{AllowUnencrypted=\"true\"}'\n",
              "windows-keys": "{\"expireOn\":\"2023-09-01T13:35:01.004143Z\",\"userName\":\"magido\",\"email\":\"magido@google.com\",\"modulus\":\"gt7IwgJjWAzZCnP1UjHXusUgOtCBUMkUjGWdfLKWMWEn2LjhbgRKULnQPWjeuizlzP3KpYPqWdUB5GrVJhlu+/qsCm8MUYCqZY4Ms/xj/HN3x2XxEikjpWYyMLDoi45NhJqROqVrHgz+481t67j+ImG0dX/FPGp74q7GMP0q5cZ5D2nXfCn4NIuJksVwLu/Q5ZNJRYj6Qf5kvLMq1mqma5i7uSs/bIdS/Tp0BSHgqV7Nr7TqsG37VMur71RriA1SVtf0WJeaCyxuu+QJALmAWZQfjGT5xyCWWVHxNxGhpn2ne5F5ZphbbCFMWNmi8F87JsqYJvR56O5bwixjPJ8lfQ==\",\"exponent\":\"AQAB\"}\n{\"expireOn\":\"2023-09-01T13:35:19.703144Z\",\"userName\":\"magido\",\"email\":\"magido@google.com\",\"modulus\":\"insggg8bE0+zfvY0KB2u5H6RM7zqH6dFFPg3GqwdTU5xuOmrdr9lEB3HMw8WPcx1PvmYVq+rjz3l+gWM6cUtqHTVPRsgzCJCkymuBygpn7VoUq1nPw4FnUGvRBnpv0keOYGAPNAiR1eUJ0u9RZqFPfHJopXVQHiYjGaH+OY3+1cxZ67ad+jruw654AZYzNkiKpeJ4Hb9woaQx+nbGfKTE59cSUkkDRCLlQ9JJEp14ZWdxq4wgtOhBs6Kl3HUrGiu/5hyono4fy1hw9F0qGNxXCEcH+1WioruoYpGjc+mYDgKYktTLy+upPxAGiYa0yUuOsk44UgvIPtjhNT/iJTvQw==\",\"exponent\":\"AQAB\"}"
            },
            "metadata_fingerprint": "1SB6hkuM-UY=",
            "metadata_startup_script": null,
            "min_cpu_platform": "",
            "name": "instance-2",
            "network_interface": [
              {
                "access_config": [],
                "alias_ip_range": [],
                "internal_ipv6_prefix_length": 0,
                "ipv6_access_config": [],
                "ipv6_access_type": "",
                "ipv6_address": "",
                "name": "nic0",
                "network": "https://www.googleapis.com/compute/v1/projects/cloudlabs-371516/global/networks/default",
                "network_ip": "10.128.0.57",
                "nic_type": "",
                "queue_count": 0,
                "stack_type": "IPV4_ONLY",
                "subnetwork": "https://www.googleapis.com/compute/v1/projects/cloudlabs-371516/regions/us-central1/subnetworks/default",
                "subnetwork_project": "cloudlabs-371516"
              }
            ],
            "network_performance_config": [],
            "params": [],
            "project": "cloudlabs-371516",
            "reservation_affinity": [
              {
                "specific_reservation": [],
                "type": "ANY_RESERVATION"
              }
            ],
            "resource_policies": [],
            "scheduling": [
              {
                "automatic_restart": true,
                "instance_termination_action": "",
                "local_ssd_recovery_timeout": [],
                "min_node_cpus": 0,
                "node_affinities": [],
                "on_host_maintenance": "MIGRATE",
                "preemptible": false,
                "provisioning_model": "STANDARD"
              }
            ],
            "scratch_disk": [],
            "self_link": "https://www.googleapis.com/compute/v1/projects/cloudlabs-371516/zones/us-central1-a/instances/instance-2",
            "service_account": [
              {
                "email": "845220694659-compute@developer.gserviceaccount.com",
                "scopes": [
                  "https://www.googleapis.com/auth/devstorage.read_only",
                  "https://www.googleapis.com/auth/logging.write",
                  "https://www.googleapis.com/auth/monitoring.write",
                  "https://www.googleapis.com/auth/service.management.readonly",
                  "https://www.googleapis.com/auth/servicecontrol",
                  "https://www.googleapis.com/auth/trace.append"
                ]
              }
            ],
            "shielded_instance_config": [
              {
                "enable_integrity_monitoring": true,
                "enable_secure_boot": false,
                "enable_vtpm": true
              }
            ],
            "tags": [
              "iap-win-ansible"
            ],
            "tags_fingerprint": "MtHIUjgGBls=",
            "terraform_labels": {},
            "timeouts": {
              "create": null,
              "delete": null,
              "update": null
            },
            "zone": "us-central1-a"
          },
          "sensitive_attributes": [],
          "private": "eyJlMmJmYjczMC1lY2FhLTExZTYtOGY4OC0zNDM2M2JjN2M0YzAiOnsiY3JlYXRlIjoxMjAwMDAwMDAwMDAwLCJkZWxldGUiOjEyMDAwMDAwMDAwMDAsInVwZGF0ZSI6MTIwMDAwMDAwMDAwMH0sInNjaGVtYV92ZXJzaW9uIjoiNiJ9"
        },
        {
          "index_key": "instance-4",
          "schema_version": 6,
          "attributes": {
            "advanced_machine_features": [],
            "allow_stopping_for_update": null,
            "attached_disk": [],
            "boot_disk": [
              {
                "auto_delete": true,
                "device_name": "instance-4",
                "disk_encryption_key_raw": "",
                "disk_encryption_key_sha256": "",
                "initialize_params": [
                  {
                    "image": "https://www.googleapis.com/compute/v1/projects/debian-cloud/global/images/debian-11-bullseye-v20231004",
                    "labels": {},
                    "resource_manager_tags": {},
                    "size": 10,
                    "type": "pd-balanced"
                  }
                ],
                "kms_key_self_link": "",
                "mode": "READ_WRITE",
                "source": "https://www.googleapis.com/compute/v1/projects/cloudlabs-371516/zones/asia-northeast2-a/disks/instance-4"
              }
            ],
            "can_ip_forward": false,
            "confidential_instance_config": [
              {
                "enable_confidential_compute": false
              }
            ],
            "cpu_platform": "Unknown CPU Platform",
            "current_status": "TERMINATED",
            "deletion_protection": false,
            "description": "",
            "desired_status": null,
            "effective_labels": {},
            "enable_display": false,
            "guest_accelerator": [],
            "hostname": "",
            "id": "projects/cloudlabs-371516/zones/asia-northeast2-a/instances/instance-4",
            "instance_id": "8115451751022779628",
            "label_fingerprint": "42WmSpB8rSM=",
            "labels": {},
            "machine_type": "n1-standard-1",
            "metadata": {},
            "metadata_fingerprint": "mguo8kgvS8Q=",
            "metadata_startup_script": null,
            "min_cpu_platform": "",
            "name": "instance-4",
            "network_interface": [
              {
                "access_config": [
                  {
                    "nat_ip": "",
                    "network_tier": "PREMIUM",
                    "public_ptr_domain_name": ""
                  }
                ],
                "alias_ip_range": [],
                "internal_ipv6_prefix_length": 0,
                "ipv6_access_config": [],
                "ipv6_access_type": "",
                "ipv6_address": "",
                "name": "nic0",
                "network": "https://www.googleapis.com/compute/v1/projects/cloudlabs-371516/global/networks/dns-vpc",
                "network_ip": "172.19.0.3",
                "nic_type": "",
                "queue_count": 0,
                "stack_type": "IPV4_ONLY",
                "subnetwork": "https://www.googleapis.com/compute/v1/projects/cloudlabs-371516/regions/asia-northeast2/subnetworks/notino-subnet-1",
                "subnetwork_project": "cloudlabs-371516"
              }
            ],
            "network_performance_config": [],
            "params": [],
            "project": "cloudlabs-371516",
            "reservation_affinity": [
              {
                "specific_reservation": [],
                "type": "ANY_RESERVATION"
              }
            ],
            "resource_policies": [],
            "scheduling": [
              {
                "automatic_restart": true,
                "instance_termination_action": "",
                "local_ssd_recovery_timeout": [],
                "min_node_cpus": 0,
                "node_affinities": [],
                "on_host_maintenance": "MIGRATE",
                "preemptible": false,
                "provisioning_model": "STANDARD"
              }
            ],
            "scratch_disk": [],
            "self_link": "https://www.googleapis.com/compute/v1/projects/cloudlabs-371516/zones/asia-northeast2-a/instances/instance-4",
            "service_account": [
              {
                "email": "845220694659-compute@developer.gserviceaccount.com",
                "scopes": [
                  "https://www.googleapis.com/auth/devstorage.read_only",
                  "https://www.googleapis.com/auth/logging.write",
                  "https://www.googleapis.com/auth/monitoring.write",
                  "https://www.googleapis.com/auth/service.management.readonly",
                  "https://www.googleapis.com/auth/servicecontrol",
                  "https://www.googleapis.com/auth/trace.append"
                ]
              }
            ],
            "shielded_instance_config": [
              {
                "enable_integrity_monitoring": true,
                "enable_secure_boot": false,
                "enable_vtpm": true
              }
            ],
            "tags": [
              "allow-gcve"
            ],
            "tags_fingerprint": "gZ9MnNq1EDo=",
            "terraform_labels": {},
            "timeouts": {
              "create": null,
              "delete": null,
              "update": null
            },
            "zone": "asia-northeast2-a"
          },
          "sensitive_attributes": [],
          "private": "eyJlMmJmYjczMC1lY2FhLTExZTYtOGY4OC0zNDM2M2JjN2M0YzAiOnsiY3JlYXRlIjoxMjAwMDAwMDAwMDAwLCJkZWxldGUiOjEyMDAwMDAwMDAwMDAsInVwZGF0ZSI6MTIwMDAwMDAwMDAwMH0sInNjaGVtYV92ZXJzaW9uIjoiNiJ9"
        },
        {
          "index_key": "instance-5",
          "schema_version": 6,
          "attributes": {
            "advanced_machine_features": [],
            "allow_stopping_for_update": null,
            "attached_disk": [],
            "boot_disk": [
              {
                "auto_delete": true,
                "device_name": "instance-5",
                "disk_encryption_key_raw": "",
                "disk_encryption_key_sha256": "",
                "initialize_params": [
                  {
                    "image": "https://www.googleapis.com/compute/v1/projects/debian-cloud/global/images/debian-11-bullseye-v20231004",
                    "labels": {},
                    "resource_manager_tags": {},
                    "size": 10,
                    "type": "pd-balanced"
                  }
                ],
                "kms_key_self_link": "",
                "mode": "READ_WRITE",
                "source": "https://www.googleapis.com/compute/v1/projects/cloudlabs-371516/zones/us-central1-a/disks/instance-5"
              }
            ],
            "can_ip_forward": false,
            "confidential_instance_config": [
              {
                "enable_confidential_compute": false
              }
            ],
            "cpu_platform": "Intel Haswell",
            "current_status": "RUNNING",
            "deletion_protection": false,
            "description": "",
            "desired_status": null,
            "effective_labels": {},
            "enable_display": false,
            "guest_accelerator": [],
            "hostname": "",
            "id": "projects/cloudlabs-371516/zones/us-central1-a/instances/instance-5",
            "instance_id": "892373333990496197",
            "label_fingerprint": "42WmSpB8rSM=",
            "labels": {},
            "machine_type": "n1-standard-1",
            "metadata": {},
            "metadata_fingerprint": "mguo8kgvS8Q=",
            "metadata_startup_script": null,
            "min_cpu_platform": "",
            "name": "instance-5",
            "network_interface": [
              {
                "access_config": [
                  {
                    "nat_ip": "34.31.200.131",
                    "network_tier": "PREMIUM",
                    "public_ptr_domain_name": ""
                  }
                ],
                "alias_ip_range": [],
                "internal_ipv6_prefix_length": 0,
                "ipv6_access_config": [],
                "ipv6_access_type": "",
                "ipv6_address": "",
                "name": "nic0",
                "network": "https://www.googleapis.com/compute/v1/projects/cloudlabs-371516/global/networks/dns-vpc",
                "network_ip": "172.18.0.3",
                "nic_type": "",
                "queue_count": 0,
                "stack_type": "IPV4_ONLY",
                "subnetwork": "https://www.googleapis.com/compute/v1/projects/cloudlabs-371516/regions/us-central1/subnetworks/notino-subnet",
                "subnetwork_project": "cloudlabs-371516"
              }
            ],
            "network_performance_config": [],
            "params": [],
            "project": "cloudlabs-371516",
            "reservation_affinity": [
              {
                "specific_reservation": [],
                "type": "ANY_RESERVATION"
              }
            ],
            "resource_policies": [],
            "scheduling": [
              {
                "automatic_restart": true,
                "instance_termination_action": "",
                "local_ssd_recovery_timeout": [],
                "min_node_cpus": 0,
                "node_affinities": [],
                "on_host_maintenance": "MIGRATE",
                "preemptible": false,
                "provisioning_model": "STANDARD"
              }
            ],
            "scratch_disk": [],
            "self_link": "https://www.googleapis.com/compute/v1/projects/cloudlabs-371516/zones/us-central1-a/instances/instance-5",
            "service_account": [
              {
                "email": "845220694659-compute@developer.gserviceaccount.com",
                "scopes": [
                  "https://www.googleapis.com/auth/devstorage.read_only",
                  "https://www.googleapis.com/auth/logging.write",
                  "https://www.googleapis.com/auth/monitoring.write",
                  "https://www.googleapis.com/auth/service.management.readonly",
                  "https://www.googleapis.com/auth/servicecontrol",
                  "https://www.googleapis.com/auth/trace.append"
                ]
              }
            ],
            "shielded_instance_config": [
              {
                "enable_integrity_monitoring": true,
                "enable_secure_boot": false,
                "enable_vtpm": true
              }
            ],
            "tags": [
              "allow-gcve"
            ],
            "tags_fingerprint": "gZ9MnNq1EDo=",
            "terraform_labels": {},
            "timeouts": {
              "create": null,
              "delete": null,
              "update": null
            },
            "zone": "us-central1-a"
          },
          "sensitive_attributes": [],
          "private": "eyJlMmJmYjczMC1lY2FhLTExZTYtOGY4OC0zNDM2M2JjN2M0YzAiOnsiY3JlYXRlIjoxMjAwMDAwMDAwMDAwLCJkZWxldGUiOjEyMDAwMDAwMDAwMDAsInVwZGF0ZSI6MTIwMDAwMDAwMDAwMH0sInNjaGVtYV92ZXJzaW9uIjoiNiJ9"
        },
        {
          "index_key": "k8s-terminal",
          "schema_version": 6,
          "attributes": {
            "advanced_machine_features": [],
            "allow_stopping_for_update": null,
            "attached_disk": [],
            "boot_disk": [
              {
                "auto_delete": true,
                "device_name": "k8s-terminal",
                "disk_encryption_key_raw": "",
                "disk_encryption_key_sha256": "",
                "initialize_params": [
                  {
                    "image": "https://www.googleapis.com/compute/v1/projects/ubuntu-os-cloud/global/images/ubuntu-2004-focal-v20230125",
                    "labels": {},
                    "resource_manager_tags": {},
                    "size": 20,
                    "type": "pd-balanced"
                  }
                ],
                "kms_key_self_link": "",
                "mode": "READ_WRITE",
                "source": "https://www.googleapis.com/compute/v1/projects/cloudlabs-371516/zones/europe-central2-a/disks/k8s-terminal"
              }
            ],
            "can_ip_forward": false,
            "confidential_instance_config": [
              {
                "enable_confidential_compute": false
              }
            ],
            "cpu_platform": "Unknown CPU Platform",
            "current_status": "TERMINATED",
            "deletion_protection": false,
            "description": "",
            "desired_status": null,
            "effective_labels": {},
            "enable_display": false,
            "guest_accelerator": [],
            "hostname": "k8s.machine.com",
            "id": "projects/cloudlabs-371516/zones/europe-central2-a/instances/k8s-terminal",
            "instance_id": "295200698934919138",
            "label_fingerprint": "42WmSpB8rSM=",
            "labels": {},
            "machine_type": "e2-standard-2",
            "metadata": {
              "block-project-ssh-keys": "true",
              "ssh-keys": "magido:ssh-rsa AAAAB3NzaC1yc2EAAAADAQABAAABgQDYQlgQoaT86pwdyyx51n3XfmaCjHxqx0z0gHno5e5rZ0YEHZQJE5jimMkUCbmdrjc67bbGBB6N1TIngOcgoDWgR3TK1CmUhDTRR+KAI5ez15PS9Muu9jWIjKUoE2vSZqe8Ggwwji8c4YX6dptBFt2MdPewFfna7s6P72WQQkABIwflbP8tNp/n/p5FyBlfkbr4lodJjTy1TT+XluvL0eRN52JueMwZztDZLQwhlLj4T7wxZL4z3Kql2gsvNwo9eUSs0qao4Hl1GDCN1TkNJK/n1EyA1BnjQhgkJdqtWphmdDpMtn4KvOpwtfz2mTmMsh4tsUPLmwhYT501SvdIob0N1qF2X1t8YL62KBp+43ZXzph5GCS3AvM/luJTA/sK0ms4NbSg6hSXB1B6M0y1YChS81GtR/ajgpIcot8Ry8fPeKdzJjwy7PLN+4cP4FWrETePRn3XxfQ3u8HecF41yIKo/oZPtI4MiOp2AYpQrUVAwhRa/yB8BvbfUiEEkHkMuuU= magido@google.com\nmagido:ssh-rsa AAAAB3NzaC1yc2EAAAADAQABAAABgQDdQGrqKTV0c7LIkdPDrliSZsW+tHQYdKAXmlPVWK3E3DMitdGml9LPr6KOWneYvmbQkrch/oxZ2x8efkkr2xsDyCpSJtXr8Z5Hr7HpmrvS6R71Rg2oIiL3KAGUOGPq9dVmQkaZA1KR8DjNPhCqUc2QRb3zKbgLPmwPs7JxMJ07tqtlcaS0C/7YOKoHXC83h/6neadMc007ewWzINinyjrnh4vy3l6H+2r9Zt4mZCUqM5iK/U5rlHE3sGvwRor+ywg/lnbMvKggkMJcO2zs/Av70Yxf/6u1NlgyovolBEm3Lf+pcFVwrzdptXTv08QuQofFHxsMNmcDDOl3jIuCJZuttrwFZBfr9X/YlUfbFnx2Saj9C5uB1ObVQcJfqoWfKUkf7CmWZ0TB/BudrHdL4ZnW991uiOJlYAoPEvuamDJrJlcBFENRHkmGF8adDyjTLbNHMxVcDySS4hk+aqMeH/pBcBRaWYf90lrzlnyruAixw6pkNX7NQchnpnvH6RrtFLM= magido@penguin"
            },
            "metadata_fingerprint": "7VVkSqy7kdY=",
            "metadata_startup_script": null,
            "min_cpu_platform": "",
            "name": "k8s-terminal",
            "network_interface": [
              {
                "access_config": [
                  {
                    "nat_ip": "",
                    "network_tier": "PREMIUM",
                    "public_ptr_domain_name": ""
                  }
                ],
                "alias_ip_range": [],
                "internal_ipv6_prefix_length": 0,
                "ipv6_access_config": [],
                "ipv6_access_type": "",
                "ipv6_address": "",
                "name": "nic0",
                "network": "https://www.googleapis.com/compute/v1/projects/cloudlabs-371516/global/networks/dns-vpc",
                "network_ip": "10.0.1.3",
                "nic_type": "",
                "queue_count": 0,
                "stack_type": "IPV4_ONLY",
                "subnetwork": "https://www.googleapis.com/compute/v1/projects/cloudlabs-371516/regions/europe-central2/subnetworks/subn-euro",
                "subnetwork_project": "cloudlabs-371516"
              }
            ],
            "network_performance_config": [],
            "params": [],
            "project": "cloudlabs-371516",
            "reservation_affinity": [
              {
                "specific_reservation": [],
                "type": "ANY_RESERVATION"
              }
            ],
            "resource_policies": [],
            "scheduling": [
              {
                "automatic_restart": false,
                "instance_termination_action": "STOP",
                "local_ssd_recovery_timeout": [],
                "min_node_cpus": 0,
                "node_affinities": [],
                "on_host_maintenance": "TERMINATE",
                "preemptible": true,
                "provisioning_model": "SPOT"
              }
            ],
            "scratch_disk": [],
            "self_link": "https://www.googleapis.com/compute/v1/projects/cloudlabs-371516/zones/europe-central2-a/instances/k8s-terminal",
            "service_account": [
              {
                "email": "845220694659-compute@developer.gserviceaccount.com",
                "scopes": [
                  "https://www.googleapis.com/auth/devstorage.read_only",
                  "https://www.googleapis.com/auth/logging.write",
                  "https://www.googleapis.com/auth/monitoring.write",
                  "https://www.googleapis.com/auth/service.management.readonly",
                  "https://www.googleapis.com/auth/servicecontrol",
                  "https://www.googleapis.com/auth/trace.append"
                ]
              }
            ],
            "shielded_instance_config": [
              {
                "enable_integrity_monitoring": true,
                "enable_secure_boot": false,
                "enable_vtpm": true
              }
            ],
            "tags": [
              "k8s"
            ],
            "tags_fingerprint": "3MfXgEAgskY=",
            "terraform_labels": {},
            "timeouts": {
              "create": null,
              "delete": null,
              "update": null
            },
            "zone": "europe-central2-a"
          },
          "sensitive_attributes": [],
          "private": "eyJlMmJmYjczMC1lY2FhLTExZTYtOGY4OC0zNDM2M2JjN2M0YzAiOnsiY3JlYXRlIjoxMjAwMDAwMDAwMDAwLCJkZWxldGUiOjEyMDAwMDAwMDAwMDAsInVwZGF0ZSI6MTIwMDAwMDAwMDAwMH0sInNjaGVtYV92ZXJzaW9uIjoiNiJ9"
        },
        {
          "index_key": "server-labs",
          "schema_version": 6,
          "attributes": {
            "advanced_machine_features": [],
            "allow_stopping_for_update": null,
            "attached_disk": [],
            "boot_disk": [
              {
                "auto_delete": true,
                "device_name": "server-labs",
                "disk_encryption_key_raw": "",
                "disk_encryption_key_sha256": "",
                "initialize_params": [
                  {
                    "image": "https://www.googleapis.com/compute/v1/projects/debian-cloud/global/images/debian-11-bullseye-v20230306",
                    "labels": {},
                    "resource_manager_tags": {},
                    "size": 100,
                    "type": "pd-balanced"
                  }
                ],
                "kms_key_self_link": "",
                "mode": "READ_WRITE",
                "source": "https://www.googleapis.com/compute/v1/projects/cloudlabs-371516/zones/europe-southwest1-a/disks/server-labs"
              }
            ],
            "can_ip_forward": false,
            "confidential_instance_config": [
              {
                "enable_confidential_compute": false
              }
            ],
            "cpu_platform": "Unknown CPU Platform",
            "current_status": "TERMINATED",
            "deletion_protection": false,
            "description": "",
            "desired_status": null,
            "effective_labels": {},
            "enable_display": false,
            "guest_accelerator": [],
            "hostname": "",
            "id": "projects/cloudlabs-371516/zones/europe-southwest1-a/instances/server-labs",
            "instance_id": "2191136861209367286",
            "label_fingerprint": "42WmSpB8rSM=",
            "labels": {},
            "machine_type": "e2-standard-4",
            "metadata": {},
            "metadata_fingerprint": "mguo8kgvS8Q=",
            "metadata_startup_script": null,
            "min_cpu_platform": "",
            "name": "server-labs",
            "network_interface": [
              {
                "access_config": [
                  {
                    "nat_ip": "",
                    "network_tier": "PREMIUM",
                    "public_ptr_domain_name": ""
                  }
                ],
                "alias_ip_range": [],
                "internal_ipv6_prefix_length": 0,
                "ipv6_access_config": [],
                "ipv6_access_type": "",
                "ipv6_address": "",
                "name": "nic0",
                "network": "https://www.googleapis.com/compute/v1/projects/devops-studio-359213/global/networks/carteironet",
                "network_ip": "10.3.1.6",
                "nic_type": "",
                "queue_count": 0,
                "stack_type": "IPV4_ONLY",
                "subnetwork": "https://www.googleapis.com/compute/v1/projects/devops-studio-359213/regions/europe-southwest1/subnetworks/euro-svpc-connector",
                "subnetwork_project": "devops-studio-359213"
              }
            ],
            "network_performance_config": [],
            "params": [],
            "project": "cloudlabs-371516",
            "reservation_affinity": [
              {
                "specific_reservation": [],
                "type": "ANY_RESERVATION"
              }
            ],
            "resource_policies": [],
            "scheduling": [
              {
                "automatic_restart": true,
                "instance_termination_action": "",
                "local_ssd_recovery_timeout": [],
                "min_node_cpus": 0,
                "node_affinities": [],
                "on_host_maintenance": "MIGRATE",
                "preemptible": false,
                "provisioning_model": "STANDARD"
              }
            ],
            "scratch_disk": [],
            "self_link": "https://www.googleapis.com/compute/v1/projects/cloudlabs-371516/zones/europe-southwest1-a/instances/server-labs",
            "service_account": [
              {
                "email": "845220694659-compute@developer.gserviceaccount.com",
                "scopes": [
                  "https://www.googleapis.com/auth/devstorage.read_only",
                  "https://www.googleapis.com/auth/logging.write",
                  "https://www.googleapis.com/auth/monitoring.write",
                  "https://www.googleapis.com/auth/service.management.readonly",
                  "https://www.googleapis.com/auth/servicecontrol",
                  "https://www.googleapis.com/auth/trace.append"
                ]
              }
            ],
            "shielded_instance_config": [
              {
                "enable_integrity_monitoring": true,
                "enable_secure_boot": false,
                "enable_vtpm": true
              }
            ],
            "tags": [],
            "tags_fingerprint": "42WmSpB8rSM=",
            "terraform_labels": {},
            "timeouts": {
              "create": null,
              "delete": null,
              "update": null
            },
            "zone": "europe-southwest1-a"
          },
          "sensitive_attributes": [],
          "private": "eyJlMmJmYjczMC1lY2FhLTExZTYtOGY4OC0zNDM2M2JjN2M0YzAiOnsiY3JlYXRlIjoxMjAwMDAwMDAwMDAwLCJkZWxldGUiOjEyMDAwMDAwMDAwMDAsInVwZGF0ZSI6MTIwMDAwMDAwMDAwMH0sInNjaGVtYV92ZXJzaW9uIjoiNiJ9"
        }
      ]
    }
  ],
  "check_results": null
}
